
Microsoft Visual Studio Solution File, Format Version 12.00
# Visual Studio Version 16
VisualStudioVersion = 16.0.29613.14
MinimumVisualStudioVersion = 10.0.40219.1
Project("{9A19103F-16F7-4668-BE54-9A1E7A4F7556}") = "BlocksLibrary", "BlocksLibrary\BlocksLibrary.csproj", "{81916F96-3057-44E9-800F-BBA841456FC3}"
EndProject
Project("{FAE04EC0-301F-11D3-BF4B-00C04F79EFBC}") = "TankApplication", "TankApplication\TankApplication.csproj", "{A74C3D17-2B26-40D1-B714-BB82F666E60D}"
EndProject
Global
	GlobalSection(SolutionConfigurationPlatforms) = preSolution
		Debug|Any CPU = Debug|Any CPU
		Release|Any CPU = Release|Any CPU
	EndGlobalSection
	GlobalSection(ProjectConfigurationPlatforms) = postSolution
		{81916F96-3057-44E9-800F-BBA841456FC3}.Debug|Any CPU.ActiveCfg = Debug|Any CPU
		{81916F96-3057-44E9-800F-BBA841456FC3}.Debug|Any CPU.Build.0 = Debug|Any CPU
		{81916F96-3057-44E9-800F-BBA841456FC3}.Release|Any CPU.ActiveCfg = Release|Any CPU
		{81916F96-3057-44E9-800F-BBA841456FC3}.Release|Any CPU.Build.0 = Release|Any CPU
		{A74C3D17-2B26-40D1-B714-BB82F666E60D}.Debug|Any CPU.ActiveCfg = Debug|Any CPU
		{A74C3D17-2B26-40D1-B714-BB82F666E60D}.Debug|Any CPU.Build.0 = Debug|Any CPU
		{A74C3D17-2B26-40D1-B714-BB82F666E60D}.Release|Any CPU.ActiveCfg = Release|Any CPU
		{A74C3D17-2B26-40D1-B714-BB82F666E60D}.Release|Any CPU.Build.0 = Release|Any CPU
	EndGlobalSection
	GlobalSection(SolutionProperties) = preSolution
		HideSolutionNode = FALSE
	EndGlobalSection
	GlobalSection(ExtensibilityGlobals) = postSolution
		SolutionGuid = {84B55AA5-F570-4C28-A10A-19DB368B44BE}
	EndGlobalSection
EndGlobal
